
Microsoft Visual Studio Solution File, Format Version 12.00
# Visual Studio Version 17
VisualStudioVersion = 17.8.34316.72
MinimumVisualStudioVersion = 10.0.40219.1
Project("{FAE04EC0-301F-11D3-BF4B-00C04F79EFBC}") = "EmployeeApp", "EmployeeApp\EmployeeApp.csproj", "{6A467F94-2D8D-4258-BD59-29F7529311EA}"
EndProject
Project("{FAE04EC0-301F-11D3-BF4B-00C04F79EFBC}") = "DAL", "DAL\DAL.csproj", "{305A1F97-F41A-4D64-9D15-BABD6FC9CA4C}"
EndProject
Global
	GlobalSection(SolutionConfigurationPlatforms) = preSolution
		Debug|Any CPU = Debug|Any CPU
		Release|Any CPU = Release|Any CPU
	EndGlobalSection
	GlobalSection(ProjectConfigurationPlatforms) = postSolution
		{6A467F94-2D8D-4258-BD59-29F7529311EA}.Debug|Any CPU.ActiveCfg = Debug|Any CPU
		{6A467F94-2D8D-4258-BD59-29F7529311EA}.Debug|Any CPU.Build.0 = Debug|Any CPU
		{6A467F94-2D8D-4258-BD59-29F7529311EA}.Release|Any CPU.ActiveCfg = Release|Any CPU
		{6A467F94-2D8D-4258-BD59-29F7529311EA}.Release|Any CPU.Build.0 = Release|Any CPU
		{305A1F97-F41A-4D64-9D15-BABD6FC9CA4C}.Debug|Any CPU.ActiveCfg = Debug|Any CPU
		{305A1F97-F41A-4D64-9D15-BABD6FC9CA4C}.Debug|Any CPU.Build.0 = Debug|Any CPU
		{305A1F97-F41A-4D64-9D15-BABD6FC9CA4C}.Release|Any CPU.ActiveCfg = Release|Any CPU
		{305A1F97-F41A-4D64-9D15-BABD6FC9CA4C}.Release|Any CPU.Build.0 = Release|Any CPU
	EndGlobalSection
	GlobalSection(SolutionProperties) = preSolution
		HideSolutionNode = FALSE
	EndGlobalSection
	GlobalSection(ExtensibilityGlobals) = postSolution
		SolutionGuid = {300526AC-73DB-403A-96AD-8DF355089BF1}
	EndGlobalSection
EndGlobal
